
Microsoft Visual Studio Solution File, Format Version 12.00
# Visual Studio Version 17
VisualStudioVersion = 17.11.35327.3
MinimumVisualStudioVersion = 10.0.40219.1
Project("{FAE04EC0-301F-11D3-BF4B-00C04F79EFBC}") = "EC-Billing", "EC-Billing\EC-Billing.csproj", "{3481805F-EB76-49C3-BFED-44CB741E506D}"
EndProject
Project("{FAE04EC0-301F-11D3-BF4B-00C04F79EFBC}") = "EC-Billing_Solution", "EC-Billing_Solution\EC-Billing_Solution.csproj", "{36C95A21-C51A-41EE-9633-8A16F3BD8658}"
EndProject
Global
	GlobalSection(SolutionConfigurationPlatforms) = preSolution
		Debug|Any CPU = Debug|Any CPU
		Release|Any CPU = Release|Any CPU
	EndGlobalSection
	GlobalSection(ProjectConfigurationPlatforms) = postSolution
		{3481805F-EB76-49C3-BFED-44CB741E506D}.Debug|Any CPU.ActiveCfg = Debug|Any CPU
		{3481805F-EB76-49C3-BFED-44CB741E506D}.Debug|Any CPU.Build.0 = Debug|Any CPU
		{3481805F-EB76-49C3-BFED-44CB741E506D}.Release|Any CPU.ActiveCfg = Release|Any CPU
		{3481805F-EB76-49C3-BFED-44CB741E506D}.Release|Any CPU.Build.0 = Release|Any CPU
		{36C95A21-C51A-41EE-9633-8A16F3BD8658}.Debug|Any CPU.ActiveCfg = Debug|Any CPU
		{36C95A21-C51A-41EE-9633-8A16F3BD8658}.Debug|Any CPU.Build.0 = Debug|Any CPU
		{36C95A21-C51A-41EE-9633-8A16F3BD8658}.Release|Any CPU.ActiveCfg = Release|Any CPU
		{36C95A21-C51A-41EE-9633-8A16F3BD8658}.Release|Any CPU.Build.0 = Release|Any CPU
	EndGlobalSection
	GlobalSection(SolutionProperties) = preSolution
		HideSolutionNode = FALSE
	EndGlobalSection
	GlobalSection(ExtensibilityGlobals) = postSolution
		SolutionGuid = {C2661528-6F71-4135-94E5-0E71112166AC}
	EndGlobalSection
EndGlobal
